
Microsoft Visual Studio Solution File, Format Version 12.00
# Visual Studio Version 17
VisualStudioVersion = 17.1.32328.378
MinimumVisualStudioVersion = 10.0.40219.1
Project("{2150E333-8FDC-42A3-9474-1A3956D46DE8}") = "0 - Presentation", "0 - Presentation", "{B322353A-F5D7-428C-B4C7-9AA672D46B78}"
EndProject
Project("{2150E333-8FDC-42A3-9474-1A3956D46DE8}") = "1 - Application", "1 - Application", "{49DB6BE6-0B4C-49A4-B9DB-A91DB7FE7983}"
EndProject
Project("{FAE04EC0-301F-11D3-BF4B-00C04F79EFBC}") = "TKMaster.AulaEnsino.Web.UI", "src\TKMaster.AulaEnsino.Web.UI\TKMaster.AulaEnsino.Web.UI.csproj", "{0D8C3DD8-730E-4C40-9EFB-32A564378723}"
EndProject
Global
	GlobalSection(SolutionConfigurationPlatforms) = preSolution
		Debug|Any CPU = Debug|Any CPU
		Release|Any CPU = Release|Any CPU
	EndGlobalSection
	GlobalSection(ProjectConfigurationPlatforms) = postSolution
		{0D8C3DD8-730E-4C40-9EFB-32A564378723}.Debug|Any CPU.ActiveCfg = Debug|Any CPU
		{0D8C3DD8-730E-4C40-9EFB-32A564378723}.Debug|Any CPU.Build.0 = Debug|Any CPU
		{0D8C3DD8-730E-4C40-9EFB-32A564378723}.Release|Any CPU.ActiveCfg = Release|Any CPU
		{0D8C3DD8-730E-4C40-9EFB-32A564378723}.Release|Any CPU.Build.0 = Release|Any CPU
	EndGlobalSection
	GlobalSection(SolutionProperties) = preSolution
		HideSolutionNode = FALSE
	EndGlobalSection
	GlobalSection(NestedProjects) = preSolution
		{0D8C3DD8-730E-4C40-9EFB-32A564378723} = {B322353A-F5D7-428C-B4C7-9AA672D46B78}
	EndGlobalSection
	GlobalSection(ExtensibilityGlobals) = postSolution
		SolutionGuid = {D7BB4F17-F245-4CE1-B05A-C859CDE98555}
	EndGlobalSection
EndGlobal
